
Microsoft Visual Studio Solution File, Format Version 12.00
# Visual Studio Version 17
VisualStudioVersion = 17.9.34407.89
MinimumVisualStudioVersion = 10.0.40219.1
Project("{9A19103F-16F7-4668-BE54-9A1E7A4F7556}") = "VsSolutions.Tools.SolForge", "VsSolutions.Tools.SolForge\VsSolutions.Tools.SolForge.csproj", "{46624BCC-39C0-4DBC-9F3E-6F3C9F694473}"
EndProject
Project("{FAE04EC0-301F-11D3-BF4B-00C04F79EFBC}") = "TestLib.31c7b13132a74e27bc0d1c5b70636c51", "TestLib.31c7b13132a74e27bc0d1c5b70636c51\TestLib.31c7b13132a74e27bc0d1c5b70636c51.csproj", "{D0B9BBB0-058C-4226-B571-D17B247DC245}"
EndProject
Project("{2150E333-8FDC-42A3-9474-1A3956D46DE8}") = "Solution", "Solution", "{A8F6521E-4CC9-49CB-BD8C-E84ACF3A0397}"
	ProjectSection(SolutionItems) = preProject
		..\.github\workflows\build-vsSolutions.yml = ..\.github\workflows\build-vsSolutions.yml
		..\.github\workflows\publish-vsSolutions.yml = ..\.github\workflows\publish-vsSolutions.yml
		sfd.bat = sfd.bat
	EndProjectSection
EndProject
Project("{FAE04EC0-301F-11D3-BF4B-00C04F79EFBC}") = "TestLib.41c7b13132a74e27bc0d1c5b70636c51", "TestLib.41c7b13132a74e27bc0d1c5b70636c51\TestLib.41c7b13132a74e27bc0d1c5b70636c51.csproj", "{3E0BCC22-2C36-4D8F-89ED-7F769ADFAF41}"
EndProject
Global
	GlobalSection(SolutionConfigurationPlatforms) = preSolution
		Debug|Any CPU = Debug|Any CPU
		Release|Any CPU = Release|Any CPU
	EndGlobalSection
	GlobalSection(ProjectConfigurationPlatforms) = postSolution
		{46624BCC-39C0-4DBC-9F3E-6F3C9F694473}.Debug|Any CPU.ActiveCfg = Debug|Any CPU
		{46624BCC-39C0-4DBC-9F3E-6F3C9F694473}.Debug|Any CPU.Build.0 = Debug|Any CPU
		{46624BCC-39C0-4DBC-9F3E-6F3C9F694473}.Release|Any CPU.ActiveCfg = Release|Any CPU
		{46624BCC-39C0-4DBC-9F3E-6F3C9F694473}.Release|Any CPU.Build.0 = Release|Any CPU
		{D0B9BBB0-058C-4226-B571-D17B247DC245}.Debug|Any CPU.ActiveCfg = Debug|Any CPU
		{D0B9BBB0-058C-4226-B571-D17B247DC245}.Debug|Any CPU.Build.0 = Debug|Any CPU
		{D0B9BBB0-058C-4226-B571-D17B247DC245}.Release|Any CPU.ActiveCfg = Release|Any CPU
		{D0B9BBB0-058C-4226-B571-D17B247DC245}.Release|Any CPU.Build.0 = Release|Any CPU
		{3E0BCC22-2C36-4D8F-89ED-7F769ADFAF41}.Debug|Any CPU.ActiveCfg = Debug|Any CPU
		{3E0BCC22-2C36-4D8F-89ED-7F769ADFAF41}.Debug|Any CPU.Build.0 = Debug|Any CPU
		{3E0BCC22-2C36-4D8F-89ED-7F769ADFAF41}.Release|Any CPU.ActiveCfg = Release|Any CPU
		{3E0BCC22-2C36-4D8F-89ED-7F769ADFAF41}.Release|Any CPU.Build.0 = Release|Any CPU
	EndGlobalSection
	GlobalSection(SolutionProperties) = preSolution
		HideSolutionNode = FALSE
	EndGlobalSection
	GlobalSection(ExtensibilityGlobals) = postSolution
		SolutionGuid = {6C3C9C89-6E1A-4B04-A26D-608964205D3F}
	EndGlobalSection
EndGlobal
