
Microsoft Visual Studio Solution File, Format Version 12.00
# Visual Studio Version 17
VisualStudioVersion = 17.9.34407.89
MinimumVisualStudioVersion = 10.0.40219.1
Project("{2150E333-8FDC-42A3-9474-1A3956D46DE8}") = ".config", ".config", "{980152B6-34C1-49AB-9CE3-30503B6CA7EA}"
	ProjectSection(SolutionItems) = preProject
		.config\dotnet-tools.json = .config\dotnet-tools.json
	EndProjectSection
EndProject
Project("{9A19103F-16F7-4668-BE54-9A1E7A4F7556}") = "VsSolutions.Tools.SolForge", "VsSolutions.Tools.SolForge\VsSolutions.Tools.SolForge.csproj", "{46624BCC-39C0-4DBC-9F3E-6F3C9F694473}"
EndProject
Global
	GlobalSection(SolutionConfigurationPlatforms) = preSolution
		Debug|Any CPU = Debug|Any CPU
		Release|Any CPU = Release|Any CPU
	EndGlobalSection
	GlobalSection(ProjectConfigurationPlatforms) = postSolution
		{46624BCC-39C0-4DBC-9F3E-6F3C9F694473}.Debug|Any CPU.ActiveCfg = Debug|Any CPU
		{46624BCC-39C0-4DBC-9F3E-6F3C9F694473}.Debug|Any CPU.Build.0 = Debug|Any CPU
		{46624BCC-39C0-4DBC-9F3E-6F3C9F694473}.Release|Any CPU.ActiveCfg = Release|Any CPU
		{46624BCC-39C0-4DBC-9F3E-6F3C9F694473}.Release|Any CPU.Build.0 = Release|Any CPU
	EndGlobalSection
	GlobalSection(SolutionProperties) = preSolution
		HideSolutionNode = FALSE
	EndGlobalSection
	GlobalSection(ExtensibilityGlobals) = postSolution
		SolutionGuid = {6C3C9C89-6E1A-4B04-A26D-608964205D3F}
	EndGlobalSection
EndGlobal
